{
    "_meta": {
        "hash": {
            "sha256": "ae0fc3af086c5d1de4f3bdd37a85456635ce705e6ed999b4b82009d7d04dafdb"
        },
        "pipfile-spec": 6,
        "requires": {
            "python_version": "3.9"
        },
        "sources": [
            {
                "name": "pypi",
                "url": "https://pypi.org/simple",
                "verify_ssl": true
            }
        ]
    },
    "default": {
        "singleton-decorator": {
            "hashes": [
                "sha256:1a90ad8a8a738be591c9c167fdd677c5d4a43d1bc6b1c128227be1c5e03bee07"
            ],
            "index": "pypi",
            "version": "==1.0.0"
        }
    },
    "develop": {}
}
