{
    "_meta": {
        "hash": {
            "sha256": "9efd877f09e83169b44ad61c723bf0519c86ae0de5aa15c0d0ece42c464b5379"
        },
        "pipfile-spec": 6,
        "requires": {
            "python_version": "3.10"
        },
        "sources": [
            {
                "name": "pypi",
                "url": "https://pypi.org/simple",
                "verify_ssl": true
            }
        ]
    },
    "default": {
        "singleton-decorator": {
            "hashes": [
                "sha256:1a90ad8a8a738be591c9c167fdd677c5d4a43d1bc6b1c128227be1c5e03bee07"
            ],
            "index": "pypi",
            "version": "==1.0.0"
        }
    },
    "develop": {}
}
